// !$*UTF8*$!
{
	archiveVersion = 1;
	classes = {
	};
	objectVersion = 46;
	objects = {

/* Begin PBXBuildFile section */
		2E2193132720ACDF463B286D /* libPods-haitian.a in Frameworks */ = {isa = PBXBuildFile; fileRef = C281EA8F719D2415E82CC71C /* libPods-haitian.a */; };
		8402B9DA1E9F1C88000CDFF7 /* LoadSupermarketCollectionViewCell.m in Sources */ = {isa = PBXBuildFile; fileRef = 8402B9D91E9F1C88000CDFF7 /* LoadSupermarketCollectionViewCell.m */; };
		8402B9F91E9F6A00000CDFF7 /* FastHandleCardCollectionViewCell.m in Sources */ = {isa = PBXBuildFile; fileRef = 8402B9F81E9F6A00000CDFF7 /* FastHandleCardCollectionViewCell.m */; };
		846856151EA059F400C74F87 /* LoginViewController.m in Sources */ = {isa = PBXBuildFile; fileRef = 846856141EA059F400C74F87 /* LoginViewController.m */; };
		846856181EA0764900C74F87 /* AccountPassswordViewController.m in Sources */ = {isa = PBXBuildFile; fileRef = 846856171EA0764900C74F87 /* AccountPassswordViewController.m */; };
		846856241EA0813C00C74F87 /* NetWorkManager.m in Sources */ = {isa = PBXBuildFile; fileRef = 846856211EA0813C00C74F87 /* NetWorkManager.m */; };
		846856251EA0813C00C74F87 /* NetWorkUtil.m in Sources */ = {isa = PBXBuildFile; fileRef = 846856231EA0813C00C74F87 /* NetWorkUtil.m */; };
		8468562C1EA0822900C74F87 /* MessageAlertView.m in Sources */ = {isa = PBXBuildFile; fileRef = 8468562B1EA0822900C74F87 /* MessageAlertView.m */; };
		846856381EA08FF900C74F87 /* BaseNC.m in Sources */ = {isa = PBXBuildFile; fileRef = 8468562F1EA08FF900C74F87 /* BaseNC.m */; };
		846856391EA08FF900C74F87 /* BaseVC.m in Sources */ = {isa = PBXBuildFile; fileRef = 846856311EA08FF900C74F87 /* BaseVC.m */; };
		8468563A1EA08FF900C74F87 /* GestureBaseVC.m in Sources */ = {isa = PBXBuildFile; fileRef = 846856331EA08FF900C74F87 /* GestureBaseVC.m */; };
		8468563B1EA08FF900C74F87 /* GestureNavBaseVC.m in Sources */ = {isa = PBXBuildFile; fileRef = 846856351EA08FF900C74F87 /* GestureNavBaseVC.m */; };
		8468563C1EA08FF900C74F87 /* NavBaseVC.m in Sources */ = {isa = PBXBuildFile; fileRef = 846856371EA08FF900C74F87 /* NavBaseVC.m */; };
		846856411EA0902D00C74F87 /* ASValuePopUpView.m in Sources */ = {isa = PBXBuildFile; fileRef = 8468563E1EA0902D00C74F87 /* ASValuePopUpView.m */; };
		846856421EA0902D00C74F87 /* ASValueTrackingSlider.m in Sources */ = {isa = PBXBuildFile; fileRef = 846856401EA0902D00C74F87 /* ASValueTrackingSlider.m */; };
		846856451EA0969E00C74F87 /* ForgotPasswordViewController.m in Sources */ = {isa = PBXBuildFile; fileRef = 846856441EA0969E00C74F87 /* ForgotPasswordViewController.m */; };
		846856481EA09A8B00C74F87 /* UtilTools.m in Sources */ = {isa = PBXBuildFile; fileRef = 846856471EA09A8B00C74F87 /* UtilTools.m */; };
		847A11501EA45F0C002D8832 /* User.m in Sources */ = {isa = PBXBuildFile; fileRef = 847A114D1EA45F0C002D8832 /* User.m */; };
		847A11511EA45F0C002D8832 /* UserInfoContext.m in Sources */ = {isa = PBXBuildFile; fileRef = 847A114F1EA45F0C002D8832 /* UserInfoContext.m */; };
		84A7398B1E9E25B700A42502 /* WSIndexBanner.m in Sources */ = {isa = PBXBuildFile; fileRef = 84A739881E9E25B700A42502 /* WSIndexBanner.m */; };
		84A7398C1E9E25B700A42502 /* WSPageView.m in Sources */ = {isa = PBXBuildFile; fileRef = 84A7398A1E9E25B700A42502 /* WSPageView.m */; };
		84B9DBEB1E9DC0990066A92D /* main.m in Sources */ = {isa = PBXBuildFile; fileRef = 84B9DBEA1E9DC0990066A92D /* main.m */; };
		84B9DBEE1E9DC0990066A92D /* AppDelegate.m in Sources */ = {isa = PBXBuildFile; fileRef = 84B9DBED1E9DC0990066A92D /* AppDelegate.m */; };
		84B9DBF11E9DC0990066A92D /* ViewController.m in Sources */ = {isa = PBXBuildFile; fileRef = 84B9DBF01E9DC0990066A92D /* ViewController.m */; };
		84B9DBF41E9DC0990066A92D /* Main.storyboard in Resources */ = {isa = PBXBuildFile; fileRef = 84B9DBF21E9DC0990066A92D /* Main.storyboard */; };
		84B9DBF61E9DC0990066A92D /* Assets.xcassets in Resources */ = {isa = PBXBuildFile; fileRef = 84B9DBF51E9DC0990066A92D /* Assets.xcassets */; };
		84B9DBF91E9DC0990066A92D /* LaunchScreen.storyboard in Resources */ = {isa = PBXBuildFile; fileRef = 84B9DBF71E9DC0990066A92D /* LaunchScreen.storyboard */; };
		84B9DC041E9DC0990066A92D /* haitianTests.m in Sources */ = {isa = PBXBuildFile; fileRef = 84B9DC031E9DC0990066A92D /* haitianTests.m */; };
		84B9DC0F1E9DC0990066A92D /* haitianUITests.m in Sources */ = {isa = PBXBuildFile; fileRef = 84B9DC0E1E9DC0990066A92D /* haitianUITests.m */; };
		84B9DC401E9DCDBC0066A92D /* LoadSupermarketViewController.m in Sources */ = {isa = PBXBuildFile; fileRef = 84B9DC3F1E9DCDBC0066A92D /* LoadSupermarketViewController.m */; };
		84B9DC431E9DCDF50066A92D /* FastHandleCardViewController.m in Sources */ = {isa = PBXBuildFile; fileRef = 84B9DC421E9DCDF50066A92D /* FastHandleCardViewController.m */; };
		84B9DC461E9DCE240066A92D /* PersonCenterViewController.m in Sources */ = {isa = PBXBuildFile; fileRef = 84B9DC451E9DCE240066A92D /* PersonCenterViewController.m */; };
		84B9DC4B1E9DD9CE0066A92D /* HomePageViewController.m in Sources */ = {isa = PBXBuildFile; fileRef = 84B9DC4A1E9DD9CE0066A92D /* HomePageViewController.m */; };
/* End PBXBuildFile section */

/* Begin PBXContainerItemProxy section */
		84B9DC001E9DC0990066A92D /* PBXContainerItemProxy */ = {
			isa = PBXContainerItemProxy;
			containerPortal = 84B9DBDE1E9DC0990066A92D /* Project object */;
			proxyType = 1;
			remoteGlobalIDString = 84B9DBE51E9DC0990066A92D;
			remoteInfo = haitian;
		};
		84B9DC0B1E9DC0990066A92D /* PBXContainerItemProxy */ = {
			isa = PBXContainerItemProxy;
			containerPortal = 84B9DBDE1E9DC0990066A92D /* Project object */;
			proxyType = 1;
			remoteGlobalIDString = 84B9DBE51E9DC0990066A92D;
			remoteInfo = haitian;
		};
/* End PBXContainerItemProxy section */

/* Begin PBXFileReference section */
		4DF801E35F7F19BF0A7FC1A2 /* Pods-haitian.debug.xcconfig */ = {isa = PBXFileReference; includeInIndex = 1; lastKnownFileType = text.xcconfig; name = "Pods-haitian.debug.xcconfig"; path = "Pods/Target Support Files/Pods-haitian/Pods-haitian.debug.xcconfig"; sourceTree = "<group>"; };
		8402B9D81E9F1C88000CDFF7 /* LoadSupermarketCollectionViewCell.h */ = {isa = PBXFileReference; fileEncoding = 4; lastKnownFileType = sourcecode.c.h; path = LoadSupermarketCollectionViewCell.h; sourceTree = "<group>"; };
		8402B9D91E9F1C88000CDFF7 /* LoadSupermarketCollectionViewCell.m */ = {isa = PBXFileReference; fileEncoding = 4; lastKnownFileType = sourcecode.c.objc; path = LoadSupermarketCollectionViewCell.m; sourceTree = "<group>"; };
		8402B9F71E9F6A00000CDFF7 /* FastHandleCardCollectionViewCell.h */ = {isa = PBXFileReference; fileEncoding = 4; lastKnownFileType = sourcecode.c.h; path = FastHandleCardCollectionViewCell.h; sourceTree = "<group>"; };
		8402B9F81E9F6A00000CDFF7 /* FastHandleCardCollectionViewCell.m */ = {isa = PBXFileReference; fileEncoding = 4; lastKnownFileType = sourcecode.c.objc; path = FastHandleCardCollectionViewCell.m; sourceTree = "<group>"; };
		846856131EA059F400C74F87 /* LoginViewController.h */ = {isa = PBXFileReference; fileEncoding = 4; lastKnownFileType = sourcecode.c.h; path = LoginViewController.h; sourceTree = "<group>"; };
		846856141EA059F400C74F87 /* LoginViewController.m */ = {isa = PBXFileReference; fileEncoding = 4; lastKnownFileType = sourcecode.c.objc; path = LoginViewController.m; sourceTree = "<group>"; };
		846856161EA0764900C74F87 /* AccountPassswordViewController.h */ = {isa = PBXFileReference; fileEncoding = 4; lastKnownFileType = sourcecode.c.h; path = AccountPassswordViewController.h; sourceTree = "<group>"; };
		846856171EA0764900C74F87 /* AccountPassswordViewController.m */ = {isa = PBXFileReference; fileEncoding = 4; lastKnownFileType = sourcecode.c.objc; path = AccountPassswordViewController.m; sourceTree = "<group>"; };
		846856201EA0813B00C74F87 /* NetWorkManager.h */ = {isa = PBXFileReference; fileEncoding = 4; lastKnownFileType = sourcecode.c.h; name = NetWorkManager.h; path = NetWork/NetWorkManager.h; sourceTree = "<group>"; };
		846856211EA0813C00C74F87 /* NetWorkManager.m */ = {isa = PBXFileReference; fileEncoding = 4; lastKnownFileType = sourcecode.c.objc; name = NetWorkManager.m; path = NetWork/NetWorkManager.m; sourceTree = "<group>"; };
		846856221EA0813C00C74F87 /* NetWorkUtil.h */ = {isa = PBXFileReference; fileEncoding = 4; lastKnownFileType = sourcecode.c.h; name = NetWorkUtil.h; path = NetWork/NetWorkUtil.h; sourceTree = "<group>"; };
		846856231EA0813C00C74F87 /* NetWorkUtil.m */ = {isa = PBXFileReference; fileEncoding = 4; lastKnownFileType = sourcecode.c.objc; name = NetWorkUtil.m; path = NetWork/NetWorkUtil.m; sourceTree = "<group>"; };
		8468562A1EA0822900C74F87 /* MessageAlertView.h */ = {isa = PBXFileReference; fileEncoding = 4; lastKnownFileType = sourcecode.c.h; name = MessageAlertView.h; path = MessageAlertView/MessageAlertView.h; sourceTree = "<group>"; };
		8468562B1EA0822900C74F87 /* MessageAlertView.m */ = {isa = PBXFileReference; fileEncoding = 4; lastKnownFileType = sourcecode.c.objc; name = MessageAlertView.m; path = MessageAlertView/MessageAlertView.m; sourceTree = "<group>"; };
		8468562D1EA08EFF00C74F87 /* Serve.h */ = {isa = PBXFileReference; lastKnownFileType = sourcecode.c.h; path = Serve.h; sourceTree = "<group>"; };
		8468562E1EA08FF900C74F87 /* BaseNC.h */ = {isa = PBXFileReference; fileEncoding = 4; lastKnownFileType = sourcecode.c.h; name = BaseNC.h; path = Base/BaseNC.h; sourceTree = "<group>"; };
		8468562F1EA08FF900C74F87 /* BaseNC.m */ = {isa = PBXFileReference; fileEncoding = 4; lastKnownFileType = sourcecode.c.objc; name = BaseNC.m; path = Base/BaseNC.m; sourceTree = "<group>"; };
		846856301EA08FF900C74F87 /* BaseVC.h */ = {isa = PBXFileReference; fileEncoding = 4; lastKnownFileType = sourcecode.c.h; name = BaseVC.h; path = Base/BaseVC.h; sourceTree = "<group>"; };
		846856311EA08FF900C74F87 /* BaseVC.m */ = {isa = PBXFileReference; fileEncoding = 4; lastKnownFileType = sourcecode.c.objc; name = BaseVC.m; path = Base/BaseVC.m; sourceTree = "<group>"; };
		846856321EA08FF900C74F87 /* GestureBaseVC.h */ = {isa = PBXFileReference; fileEncoding = 4; lastKnownFileType = sourcecode.c.h; name = GestureBaseVC.h; path = Base/GestureBaseVC.h; sourceTree = "<group>"; };
		846856331EA08FF900C74F87 /* GestureBaseVC.m */ = {isa = PBXFileReference; fileEncoding = 4; lastKnownFileType = sourcecode.c.objc; name = GestureBaseVC.m; path = Base/GestureBaseVC.m; sourceTree = "<group>"; };
		846856341EA08FF900C74F87 /* GestureNavBaseVC.h */ = {isa = PBXFileReference; fileEncoding = 4; lastKnownFileType = sourcecode.c.h; name = GestureNavBaseVC.h; path = Base/GestureNavBaseVC.h; sourceTree = "<group>"; };
		846856351EA08FF900C74F87 /* GestureNavBaseVC.m */ = {isa = PBXFileReference; fileEncoding = 4; lastKnownFileType = sourcecode.c.objc; name = GestureNavBaseVC.m; path = Base/GestureNavBaseVC.m; sourceTree = "<group>"; };
		846856361EA08FF900C74F87 /* NavBaseVC.h */ = {isa = PBXFileReference; fileEncoding = 4; lastKnownFileType = sourcecode.c.h; name = NavBaseVC.h; path = Base/NavBaseVC.h; sourceTree = "<group>"; };
		846856371EA08FF900C74F87 /* NavBaseVC.m */ = {isa = PBXFileReference; fileEncoding = 4; lastKnownFileType = sourcecode.c.objc; name = NavBaseVC.m; path = Base/NavBaseVC.m; sourceTree = "<group>"; };
		8468563D1EA0902D00C74F87 /* ASValuePopUpView.h */ = {isa = PBXFileReference; fileEncoding = 4; lastKnownFileType = sourcecode.c.h; name = ASValuePopUpView.h; path = ASValueTrackingSlider/ASValuePopUpView.h; sourceTree = "<group>"; };
		8468563E1EA0902D00C74F87 /* ASValuePopUpView.m */ = {isa = PBXFileReference; fileEncoding = 4; lastKnownFileType = sourcecode.c.objc; name = ASValuePopUpView.m; path = ASValueTrackingSlider/ASValuePopUpView.m; sourceTree = "<group>"; };
		8468563F1EA0902D00C74F87 /* ASValueTrackingSlider.h */ = {isa = PBXFileReference; fileEncoding = 4; lastKnownFileType = sourcecode.c.h; name = ASValueTrackingSlider.h; path = ASValueTrackingSlider/ASValueTrackingSlider.h; sourceTree = "<group>"; };
		846856401EA0902D00C74F87 /* ASValueTrackingSlider.m */ = {isa = PBXFileReference; fileEncoding = 4; lastKnownFileType = sourcecode.c.objc; name = ASValueTrackingSlider.m; path = ASValueTrackingSlider/ASValueTrackingSlider.m; sourceTree = "<group>"; };
		846856431EA0969E00C74F87 /* ForgotPasswordViewController.h */ = {isa = PBXFileReference; fileEncoding = 4; lastKnownFileType = sourcecode.c.h; path = ForgotPasswordViewController.h; sourceTree = "<group>"; };
		846856441EA0969E00C74F87 /* ForgotPasswordViewController.m */ = {isa = PBXFileReference; fileEncoding = 4; lastKnownFileType = sourcecode.c.objc; path = ForgotPasswordViewController.m; sourceTree = "<group>"; };
		846856461EA09A8B00C74F87 /* UtilTools.h */ = {isa = PBXFileReference; fileEncoding = 4; lastKnownFileType = sourcecode.c.h; path = UtilTools.h; sourceTree = "<group>"; };
		846856471EA09A8B00C74F87 /* UtilTools.m */ = {isa = PBXFileReference; fileEncoding = 4; lastKnownFileType = sourcecode.c.objc; path = UtilTools.m; sourceTree = "<group>"; };
		847A114C1EA45F0C002D8832 /* User.h */ = {isa = PBXFileReference; fileEncoding = 4; lastKnownFileType = sourcecode.c.h; path = User.h; sourceTree = "<group>"; };
		847A114D1EA45F0C002D8832 /* User.m */ = {isa = PBXFileReference; fileEncoding = 4; lastKnownFileType = sourcecode.c.objc; path = User.m; sourceTree = "<group>"; };
		847A114E1EA45F0C002D8832 /* UserInfoContext.h */ = {isa = PBXFileReference; fileEncoding = 4; lastKnownFileType = sourcecode.c.h; path = UserInfoContext.h; sourceTree = "<group>"; };
		847A114F1EA45F0C002D8832 /* UserInfoContext.m */ = {isa = PBXFileReference; fileEncoding = 4; lastKnownFileType = sourcecode.c.objc; path = UserInfoContext.m; sourceTree = "<group>"; };
		84A739871E9E25B700A42502 /* WSIndexBanner.h */ = {isa = PBXFileReference; fileEncoding = 4; lastKnownFileType = sourcecode.c.h; name = WSIndexBanner.h; path = "第三方轮播/WSIndexBanner.h"; sourceTree = "<group>"; };
		84A739881E9E25B700A42502 /* WSIndexBanner.m */ = {isa = PBXFileReference; fileEncoding = 4; lastKnownFileType = sourcecode.c.objc; name = WSIndexBanner.m; path = "第三方轮播/WSIndexBanner.m"; sourceTree = "<group>"; };
		84A739891E9E25B700A42502 /* WSPageView.h */ = {isa = PBXFileReference; fileEncoding = 4; lastKnownFileType = sourcecode.c.h; name = WSPageView.h; path = "第三方轮播/WSPageView.h"; sourceTree = "<group>"; };
		84A7398A1E9E25B700A42502 /* WSPageView.m */ = {isa = PBXFileReference; fileEncoding = 4; lastKnownFileType = sourcecode.c.objc; name = WSPageView.m; path = "第三方轮播/WSPageView.m"; sourceTree = "<group>"; };
		84B9DBE61E9DC0990066A92D /* haitian.app */ = {isa = PBXFileReference; explicitFileType = wrapper.application; includeInIndex = 0; path = haitian.app; sourceTree = BUILT_PRODUCTS_DIR; };
		84B9DBEA1E9DC0990066A92D /* main.m */ = {isa = PBXFileReference; lastKnownFileType = sourcecode.c.objc; path = main.m; sourceTree = "<group>"; };
		84B9DBEC1E9DC0990066A92D /* AppDelegate.h */ = {isa = PBXFileReference; lastKnownFileType = sourcecode.c.h; path = AppDelegate.h; sourceTree = "<group>"; };
		84B9DBED1E9DC0990066A92D /* AppDelegate.m */ = {isa = PBXFileReference; lastKnownFileType = sourcecode.c.objc; path = AppDelegate.m; sourceTree = "<group>"; };
		84B9DBEF1E9DC0990066A92D /* ViewController.h */ = {isa = PBXFileReference; lastKnownFileType = sourcecode.c.h; path = ViewController.h; sourceTree = "<group>"; };
		84B9DBF01E9DC0990066A92D /* ViewController.m */ = {isa = PBXFileReference; lastKnownFileType = sourcecode.c.objc; path = ViewController.m; sourceTree = "<group>"; };
		84B9DBF31E9DC0990066A92D /* Base */ = {isa = PBXFileReference; lastKnownFileType = file.storyboard; name = Base; path = Base.lproj/Main.storyboard; sourceTree = "<group>"; };
		84B9DBF51E9DC0990066A92D /* Assets.xcassets */ = {isa = PBXFileReference; lastKnownFileType = folder.assetcatalog; path = Assets.xcassets; sourceTree = "<group>"; };
		84B9DBF81E9DC0990066A92D /* Base */ = {isa = PBXFileReference; lastKnownFileType = file.storyboard; name = Base; path = Base.lproj/LaunchScreen.storyboard; sourceTree = "<group>"; };
		84B9DBFA1E9DC0990066A92D /* Info.plist */ = {isa = PBXFileReference; lastKnownFileType = text.plist.xml; path = Info.plist; sourceTree = "<group>"; };
		84B9DBFF1E9DC0990066A92D /* haitianTests.xctest */ = {isa = PBXFileReference; explicitFileType = wrapper.cfbundle; includeInIndex = 0; path = haitianTests.xctest; sourceTree = BUILT_PRODUCTS_DIR; };
		84B9DC031E9DC0990066A92D /* haitianTests.m */ = {isa = PBXFileReference; lastKnownFileType = sourcecode.c.objc; path = haitianTests.m; sourceTree = "<group>"; };
		84B9DC051E9DC0990066A92D /* Info.plist */ = {isa = PBXFileReference; lastKnownFileType = text.plist.xml; path = Info.plist; sourceTree = "<group>"; };
		84B9DC0A1E9DC0990066A92D /* haitianUITests.xctest */ = {isa = PBXFileReference; explicitFileType = wrapper.cfbundle; includeInIndex = 0; path = haitianUITests.xctest; sourceTree = BUILT_PRODUCTS_DIR; };
		84B9DC0E1E9DC0990066A92D /* haitianUITests.m */ = {isa = PBXFileReference; lastKnownFileType = sourcecode.c.objc; path = haitianUITests.m; sourceTree = "<group>"; };
		84B9DC101E9DC0990066A92D /* Info.plist */ = {isa = PBXFileReference; lastKnownFileType = text.plist.xml; path = Info.plist; sourceTree = "<group>"; };
		84B9DC3E1E9DCDBC0066A92D /* LoadSupermarketViewController.h */ = {isa = PBXFileReference; fileEncoding = 4; lastKnownFileType = sourcecode.c.h; path = LoadSupermarketViewController.h; sourceTree = "<group>"; };
		84B9DC3F1E9DCDBC0066A92D /* LoadSupermarketViewController.m */ = {isa = PBXFileReference; fileEncoding = 4; lastKnownFileType = sourcecode.c.objc; path = LoadSupermarketViewController.m; sourceTree = "<group>"; };
		84B9DC411E9DCDF50066A92D /* FastHandleCardViewController.h */ = {isa = PBXFileReference; fileEncoding = 4; lastKnownFileType = sourcecode.c.h; path = FastHandleCardViewController.h; sourceTree = "<group>"; };
		84B9DC421E9DCDF50066A92D /* FastHandleCardViewController.m */ = {isa = PBXFileReference; fileEncoding = 4; lastKnownFileType = sourcecode.c.objc; path = FastHandleCardViewController.m; sourceTree = "<group>"; };
		84B9DC441E9DCE240066A92D /* PersonCenterViewController.h */ = {isa = PBXFileReference; fileEncoding = 4; lastKnownFileType = sourcecode.c.h; path = PersonCenterViewController.h; sourceTree = "<group>"; };
		84B9DC451E9DCE240066A92D /* PersonCenterViewController.m */ = {isa = PBXFileReference; fileEncoding = 4; lastKnownFileType = sourcecode.c.objc; path = PersonCenterViewController.m; sourceTree = "<group>"; };
		84B9DC471E9DCF2A0066A92D /* Header.h */ = {isa = PBXFileReference; lastKnownFileType = sourcecode.c.h; path = Header.h; sourceTree = "<group>"; };
		84B9DC481E9DCF5A0066A92D /* Public.h */ = {isa = PBXFileReference; lastKnownFileType = sourcecode.c.h; path = Public.h; sourceTree = "<group>"; };
		84B9DC491E9DD9CE0066A92D /* HomePageViewController.h */ = {isa = PBXFileReference; fileEncoding = 4; lastKnownFileType = sourcecode.c.h; path = HomePageViewController.h; sourceTree = "<group>"; };
		84B9DC4A1E9DD9CE0066A92D /* HomePageViewController.m */ = {isa = PBXFileReference; fileEncoding = 4; lastKnownFileType = sourcecode.c.objc; path = HomePageViewController.m; sourceTree = "<group>"; };
		C281EA8F719D2415E82CC71C /* libPods-haitian.a */ = {isa = PBXFileReference; explicitFileType = archive.ar; includeInIndex = 0; path = "libPods-haitian.a"; sourceTree = BUILT_PRODUCTS_DIR; };
		F4265450D8E7CFA0ADBFE28C /* Pods-haitian.release.xcconfig */ = {isa = PBXFileReference; includeInIndex = 1; lastKnownFileType = text.xcconfig; name = "Pods-haitian.release.xcconfig"; path = "Pods/Target Support Files/Pods-haitian/Pods-haitian.release.xcconfig"; sourceTree = "<group>"; };
/* End PBXFileReference section */

/* Begin PBXFrameworksBuildPhase section */
		84B9DBE31E9DC0990066A92D /* Frameworks */ = {
			isa = PBXFrameworksBuildPhase;
			buildActionMask = 2147483647;
			files = (
				2E2193132720ACDF463B286D /* libPods-haitian.a in Frameworks */,
			);
			runOnlyForDeploymentPostprocessing = 0;
		};
		84B9DBFC1E9DC0990066A92D /* Frameworks */ = {
			isa = PBXFrameworksBuildPhase;
			buildActionMask = 2147483647;
			files = (
			);
			runOnlyForDeploymentPostprocessing = 0;
		};
		84B9DC071E9DC0990066A92D /* Frameworks */ = {
			isa = PBXFrameworksBuildPhase;
			buildActionMask = 2147483647;
			files = (
			);
			runOnlyForDeploymentPostprocessing = 0;
		};
/* End PBXFrameworksBuildPhase section */

/* Begin PBXGroup section */
		64CF4F300F67728057C3FC69 /* Pods */ = {
			isa = PBXGroup;
			children = (
				4DF801E35F7F19BF0A7FC1A2 /* Pods-haitian.debug.xcconfig */,
				F4265450D8E7CFA0ADBFE28C /* Pods-haitian.release.xcconfig */,
			);
			name = Pods;
			sourceTree = "<group>";
		};
		846856121EA0597200C74F87 /* Login */ = {
			isa = PBXGroup;
			children = (
				846856131EA059F400C74F87 /* LoginViewController.h */,
				846856141EA059F400C74F87 /* LoginViewController.m */,
				846856161EA0764900C74F87 /* AccountPassswordViewController.h */,
				846856171EA0764900C74F87 /* AccountPassswordViewController.m */,
				846856431EA0969E00C74F87 /* ForgotPasswordViewController.h */,
				846856441EA0969E00C74F87 /* ForgotPasswordViewController.m */,
			);
			name = Login;
			sourceTree = "<group>";
		};
		8468561F1EA0810700C74F87 /* NetWork */ = {
			isa = PBXGroup;
			children = (
				846856201EA0813B00C74F87 /* NetWorkManager.h */,
				846856211EA0813C00C74F87 /* NetWorkManager.m */,
				846856221EA0813C00C74F87 /* NetWorkUtil.h */,
				846856231EA0813C00C74F87 /* NetWorkUtil.m */,
			);
			name = NetWork;
			sourceTree = "<group>";
		};
		846856291EA0820900C74F87 /* MessageAlertView */ = {
			isa = PBXGroup;
			children = (
				8468562A1EA0822900C74F87 /* MessageAlertView.h */,
				8468562B1EA0822900C74F87 /* MessageAlertView.m */,
			);
			name = MessageAlertView;
			sourceTree = "<group>";
		};
		846856491EA09AA400C74F87 /* Utils */ = {
			isa = PBXGroup;
			children = (
				847A11521EA45F16002D8832 /* User */,
				846856461EA09A8B00C74F87 /* UtilTools.h */,
				846856471EA09A8B00C74F87 /* UtilTools.m */,
			);
			name = Utils;
			sourceTree = "<group>";
		};
		847A11521EA45F16002D8832 /* User */ = {
			isa = PBXGroup;
			children = (
				847A114C1EA45F0C002D8832 /* User.h */,
				847A114D1EA45F0C002D8832 /* User.m */,
				847A114E1EA45F0C002D8832 /* UserInfoContext.h */,
				847A114F1EA45F0C002D8832 /* UserInfoContext.m */,
			);
			name = User;
			sourceTree = "<group>";
		};
		84A739861E9E257200A42502 /* 第三方轮播 */ = {
			isa = PBXGroup;
			children = (
				84A739871E9E25B700A42502 /* WSIndexBanner.h */,
				84A739881E9E25B700A42502 /* WSIndexBanner.m */,
				84A739891E9E25B700A42502 /* WSPageView.h */,
				84A7398A1E9E25B700A42502 /* WSPageView.m */,
			);
			name = "第三方轮播";
			sourceTree = "<group>";
		};
		84B9DBDD1E9DC0990066A92D = {
			isa = PBXGroup;
			children = (
				84B9DBE81E9DC0990066A92D /* haitian */,
				84B9DC021E9DC0990066A92D /* haitianTests */,
				84B9DC0D1E9DC0990066A92D /* haitianUITests */,
				84B9DBE71E9DC0990066A92D /* Products */,
				64CF4F300F67728057C3FC69 /* Pods */,
				E5D4A71C4E15B4A453FF3CA2 /* Frameworks */,
			);
			sourceTree = "<group>";
		};
		84B9DBE71E9DC0990066A92D /* Products */ = {
			isa = PBXGroup;
			children = (
				84B9DBE61E9DC0990066A92D /* haitian.app */,
				84B9DBFF1E9DC0990066A92D /* haitianTests.xctest */,
				84B9DC0A1E9DC0990066A92D /* haitianUITests.xctest */,
			);
			name = Products;
			sourceTree = "<group>";
		};
		84B9DBE81E9DC0990066A92D /* haitian */ = {
			isa = PBXGroup;
			children = (
				84B9DBEC1E9DC0990066A92D /* AppDelegate.h */,
				84B9DBED1E9DC0990066A92D /* AppDelegate.m */,
				84B9DBEF1E9DC0990066A92D /* ViewController.h */,
				84B9DBF01E9DC0990066A92D /* ViewController.m */,
				84B9DBF21E9DC0990066A92D /* Main.storyboard */,
				846856491EA09AA400C74F87 /* Utils */,
				84B9DC3A1E9DCCC90066A92D /* Base */,
				846856291EA0820900C74F87 /* MessageAlertView */,
				8468561F1EA0810700C74F87 /* NetWork */,
				84A739861E9E257200A42502 /* 第三方轮播 */,
				84B9DC521E9DEC200066A92D /* ASValueTrackingSlider */,
				84B9DC491E9DD9CE0066A92D /* HomePageViewController.h */,
				84B9DC4A1E9DD9CE0066A92D /* HomePageViewController.m */,
				84B9DC3E1E9DCDBC0066A92D /* LoadSupermarketViewController.h */,
				84B9DC3F1E9DCDBC0066A92D /* LoadSupermarketViewController.m */,
				8402B9D81E9F1C88000CDFF7 /* LoadSupermarketCollectionViewCell.h */,
				8402B9D91E9F1C88000CDFF7 /* LoadSupermarketCollectionViewCell.m */,
				84B9DC411E9DCDF50066A92D /* FastHandleCardViewController.h */,
				84B9DC421E9DCDF50066A92D /* FastHandleCardViewController.m */,
				8402B9F71E9F6A00000CDFF7 /* FastHandleCardCollectionViewCell.h */,
				8402B9F81E9F6A00000CDFF7 /* FastHandleCardCollectionViewCell.m */,
				84B9DC441E9DCE240066A92D /* PersonCenterViewController.h */,
				84B9DC451E9DCE240066A92D /* PersonCenterViewController.m */,
				846856121EA0597200C74F87 /* Login */,
				84B9DBF51E9DC0990066A92D /* Assets.xcassets */,
				84B9DBF71E9DC0990066A92D /* LaunchScreen.storyboard */,
				84B9DBFA1E9DC0990066A92D /* Info.plist */,
				84B9DBE91E9DC0990066A92D /* Supporting Files */,
			);
			path = haitian;
			sourceTree = "<group>";
		};
		84B9DBE91E9DC0990066A92D /* Supporting Files */ = {
			isa = PBXGroup;
			children = (
				8468562D1EA08EFF00C74F87 /* Serve.h */,
				84B9DC471E9DCF2A0066A92D /* Header.h */,
				84B9DC481E9DCF5A0066A92D /* Public.h */,
				84B9DBEA1E9DC0990066A92D /* main.m */,
			);
			name = "Supporting Files";
			sourceTree = "<group>";
		};
		84B9DC021E9DC0990066A92D /* haitianTests */ = {
			isa = PBXGroup;
			children = (
				84B9DC031E9DC0990066A92D /* haitianTests.m */,
				84B9DC051E9DC0990066A92D /* Info.plist */,
			);
			path = haitianTests;
			sourceTree = "<group>";
		};
		84B9DC0D1E9DC0990066A92D /* haitianUITests */ = {
			isa = PBXGroup;
			children = (
				84B9DC0E1E9DC0990066A92D /* haitianUITests.m */,
				84B9DC101E9DC0990066A92D /* Info.plist */,
			);
			path = haitianUITests;
			sourceTree = "<group>";
		};
		84B9DC3A1E9DCCC90066A92D /* Base */ = {
			isa = PBXGroup;
			children = (
				8468562E1EA08FF900C74F87 /* BaseNC.h */,
				8468562F1EA08FF900C74F87 /* BaseNC.m */,
				846856301EA08FF900C74F87 /* BaseVC.h */,
				846856311EA08FF900C74F87 /* BaseVC.m */,
				846856321EA08FF900C74F87 /* GestureBaseVC.h */,
				846856331EA08FF900C74F87 /* GestureBaseVC.m */,
				846856341EA08FF900C74F87 /* GestureNavBaseVC.h */,
				846856351EA08FF900C74F87 /* GestureNavBaseVC.m */,
				846856361EA08FF900C74F87 /* NavBaseVC.h */,
				846856371EA08FF900C74F87 /* NavBaseVC.m */,
			);
			name = Base;
			sourceTree = "<group>";
		};
		84B9DC521E9DEC200066A92D /* ASValueTrackingSlider */ = {
			isa = PBXGroup;
			children = (
				8468563D1EA0902D00C74F87 /* ASValuePopUpView.h */,
				8468563E1EA0902D00C74F87 /* ASValuePopUpView.m */,
				8468563F1EA0902D00C74F87 /* ASValueTrackingSlider.h */,
				846856401EA0902D00C74F87 /* ASValueTrackingSlider.m */,
			);
			name = ASValueTrackingSlider;
			sourceTree = "<group>";
		};
		E5D4A71C4E15B4A453FF3CA2 /* Frameworks */ = {
			isa = PBXGroup;
			children = (
				C281EA8F719D2415E82CC71C /* libPods-haitian.a */,
			);
			name = Frameworks;
			sourceTree = "<group>";
		};
/* End PBXGroup section */

/* Begin PBXNativeTarget section */
		84B9DBE51E9DC0990066A92D /* haitian */ = {
			isa = PBXNativeTarget;
			buildConfigurationList = 84B9DC131E9DC0990066A92D /* Build configuration list for PBXNativeTarget "haitian" */;
			buildPhases = (
				9A483F92DC81DE5FCBA94FAD /* [CP] Check Pods Manifest.lock */,
				84B9DBE21E9DC0990066A92D /* Sources */,
				84B9DBE31E9DC0990066A92D /* Frameworks */,
				84B9DBE41E9DC0990066A92D /* Resources */,
				5BE2168A3FBD85675BA824A3 /* [CP] Embed Pods Frameworks */,
				AE5D7B473AAA0CB761DD739C /* [CP] Copy Pods Resources */,
			);
			buildRules = (
			);
			dependencies = (
			);
			name = haitian;
			productName = haitian;
			productReference = 84B9DBE61E9DC0990066A92D /* haitian.app */;
			productType = "com.apple.product-type.application";
		};
		84B9DBFE1E9DC0990066A92D /* haitianTests */ = {
			isa = PBXNativeTarget;
			buildConfigurationList = 84B9DC161E9DC0990066A92D /* Build configuration list for PBXNativeTarget "haitianTests" */;
			buildPhases = (
				84B9DBFB1E9DC0990066A92D /* Sources */,
				84B9DBFC1E9DC0990066A92D /* Frameworks */,
				84B9DBFD1E9DC0990066A92D /* Resources */,
			);
			buildRules = (
			);
			dependencies = (
				84B9DC011E9DC0990066A92D /* PBXTargetDependency */,
			);
			name = haitianTests;
			productName = haitianTests;
			productReference = 84B9DBFF1E9DC0990066A92D /* haitianTests.xctest */;
			productType = "com.apple.product-type.bundle.unit-test";
		};
		84B9DC091E9DC0990066A92D /* haitianUITests */ = {
			isa = PBXNativeTarget;
			buildConfigurationList = 84B9DC191E9DC0990066A92D /* Build configuration list for PBXNativeTarget "haitianUITests" */;
			buildPhases = (
				84B9DC061E9DC0990066A92D /* Sources */,
				84B9DC071E9DC0990066A92D /* Frameworks */,
				84B9DC081E9DC0990066A92D /* Resources */,
			);
			buildRules = (
			);
			dependencies = (
				84B9DC0C1E9DC0990066A92D /* PBXTargetDependency */,
			);
			name = haitianUITests;
			productName = haitianUITests;
			productReference = 84B9DC0A1E9DC0990066A92D /* haitianUITests.xctest */;
			productType = "com.apple.product-type.bundle.ui-testing";
		};
/* End PBXNativeTarget section */

/* Begin PBXProject section */
		84B9DBDE1E9DC0990066A92D /* Project object */ = {
			isa = PBXProject;
			attributes = {
				LastUpgradeCheck = 0830;
				ORGANIZATIONNAME = Admin;
				TargetAttributes = {
					84B9DBE51E9DC0990066A92D = {
						CreatedOnToolsVersion = 8.3;
						DevelopmentTeam = NUH99A3LBD;
						ProvisioningStyle = Automatic;
					};
					84B9DBFE1E9DC0990066A92D = {
						CreatedOnToolsVersion = 8.3;
						DevelopmentTeam = NUH99A3LBD;
						ProvisioningStyle = Automatic;
						TestTargetID = 84B9DBE51E9DC0990066A92D;
					};
					84B9DC091E9DC0990066A92D = {
						CreatedOnToolsVersion = 8.3;
						DevelopmentTeam = NUH99A3LBD;
						ProvisioningStyle = Automatic;
						TestTargetID = 84B9DBE51E9DC0990066A92D;
					};
				};
			};
			buildConfigurationList = 84B9DBE11E9DC0990066A92D /* Build configuration list for PBXProject "haitian" */;
			compatibilityVersion = "Xcode 3.2";
			developmentRegion = English;
			hasScannedForEncodings = 0;
			knownRegions = (
				en,
				Base,
			);
			mainGroup = 84B9DBDD1E9DC0990066A92D;
			productRefGroup = 84B9DBE71E9DC0990066A92D /* Products */;
			projectDirPath = "";
			projectRoot = "";
			targets = (
				84B9DBE51E9DC0990066A92D /* haitian */,
				84B9DBFE1E9DC0990066A92D /* haitianTests */,
				84B9DC091E9DC0990066A92D /* haitianUITests */,
			);
		};
/* End PBXProject section */

/* Begin PBXResourcesBuildPhase section */
		84B9DBE41E9DC0990066A92D /* Resources */ = {
			isa = PBXResourcesBuildPhase;
			buildActionMask = 2147483647;
			files = (
				84B9DBF91E9DC0990066A92D /* LaunchScreen.storyboard in Resources */,
				84B9DBF61E9DC0990066A92D /* Assets.xcassets in Resources */,
				84B9DBF41E9DC0990066A92D /* Main.storyboard in Resources */,
			);
			runOnlyForDeploymentPostprocessing = 0;
		};
		84B9DBFD1E9DC0990066A92D /* Resources */ = {
			isa = PBXResourcesBuildPhase;
			buildActionMask = 2147483647;
			files = (
			);
			runOnlyForDeploymentPostprocessing = 0;
		};
		84B9DC081E9DC0990066A92D /* Resources */ = {
			isa = PBXResourcesBuildPhase;
			buildActionMask = 2147483647;
			files = (
			);
			runOnlyForDeploymentPostprocessing = 0;
		};
/* End PBXResourcesBuildPhase section */

/* Begin PBXShellScriptBuildPhase section */
		5BE2168A3FBD85675BA824A3 /* [CP] Embed Pods Frameworks */ = {
			isa = PBXShellScriptBuildPhase;
			buildActionMask = 2147483647;
			files = (
			);
			inputPaths = (
			);
			name = "[CP] Embed Pods Frameworks";
			outputPaths = (
			);
			runOnlyForDeploymentPostprocessing = 0;
			shellPath = /bin/sh;
			shellScript = "\"${SRCROOT}/Pods/Target Support Files/Pods-haitian/Pods-haitian-frameworks.sh\"\n";
			showEnvVarsInLog = 0;
		};
		9A483F92DC81DE5FCBA94FAD /* [CP] Check Pods Manifest.lock */ = {
			isa = PBXShellScriptBuildPhase;
			buildActionMask = 2147483647;
			files = (
			);
			inputPaths = (
			);
			name = "[CP] Check Pods Manifest.lock";
			outputPaths = (
			);
			runOnlyForDeploymentPostprocessing = 0;
			shellPath = /bin/sh;
			shellScript = "diff \"${PODS_ROOT}/../Podfile.lock\" \"${PODS_ROOT}/Manifest.lock\" > /dev/null\nif [ $? != 0 ] ; then\n    # print error to STDERR\n    echo \"error: The sandbox is not in sync with the Podfile.lock. Run 'pod install' or update your CocoaPods installation.\" >&2\n    exit 1\nfi\n";
			showEnvVarsInLog = 0;
		};
		AE5D7B473AAA0CB761DD739C /* [CP] Copy Pods Resources */ = {
			isa = PBXShellScriptBuildPhase;
			buildActionMask = 2147483647;
			files = (
			);
			inputPaths = (
			);
			name = "[CP] Copy Pods Resources";
			outputPaths = (
			);
			runOnlyForDeploymentPostprocessing = 0;
			shellPath = /bin/sh;
			shellScript = "\"${SRCROOT}/Pods/Target Support Files/Pods-haitian/Pods-haitian-resources.sh\"\n";
			showEnvVarsInLog = 0;
		};
/* End PBXShellScriptBuildPhase section */

/* Begin PBXSourcesBuildPhase section */
		84B9DBE21E9DC0990066A92D /* Sources */ = {
			isa = PBXSourcesBuildPhase;
			buildActionMask = 2147483647;
			files = (
				847A11501EA45F0C002D8832 /* User.m in Sources */,
				84A7398B1E9E25B700A42502 /* WSIndexBanner.m in Sources */,
				8402B9DA1E9F1C88000CDFF7 /* LoadSupermarketCollectionViewCell.m in Sources */,
				846856251EA0813C00C74F87 /* NetWorkUtil.m in Sources */,
				8468563A1EA08FF900C74F87 /* GestureBaseVC.m in Sources */,
				846856391EA08FF900C74F87 /* BaseVC.m in Sources */,
				846856411EA0902D00C74F87 /* ASValuePopUpView.m in Sources */,
				84B9DBF11E9DC0990066A92D /* ViewController.m in Sources */,
				84B9DBEE1E9DC0990066A92D /* AppDelegate.m in Sources */,
				8402B9F91E9F6A00000CDFF7 /* FastHandleCardCollectionViewCell.m in Sources */,
				8468563C1EA08FF900C74F87 /* NavBaseVC.m in Sources */,
				846856421EA0902D00C74F87 /* ASValueTrackingSlider.m in Sources */,
				84B9DC401E9DCDBC0066A92D /* LoadSupermarketViewController.m in Sources */,
				846856451EA0969E00C74F87 /* ForgotPasswordViewController.m in Sources */,
				846856181EA0764900C74F87 /* AccountPassswordViewController.m in Sources */,
				846856381EA08FF900C74F87 /* BaseNC.m in Sources */,
				84B9DC431E9DCDF50066A92D /* FastHandleCardViewController.m in Sources */,
				8468562C1EA0822900C74F87 /* MessageAlertView.m in Sources */,
				847A11511EA45F0C002D8832 /* UserInfoContext.m in Sources */,
				84B9DBEB1E9DC0990066A92D /* main.m in Sources */,
				84A7398C1E9E25B700A42502 /* WSPageView.m in Sources */,
				84B9DC4B1E9DD9CE0066A92D /* HomePageViewController.m in Sources */,
				846856151EA059F400C74F87 /* LoginViewController.m in Sources */,
				846856481EA09A8B00C74F87 /* UtilTools.m in Sources */,
				8468563B1EA08FF900C74F87 /* GestureNavBaseVC.m in Sources */,
				846856241EA0813C00C74F87 /* NetWorkManager.m in Sources */,
				84B9DC461E9DCE240066A92D /* PersonCenterViewController.m in Sources */,
			);
			runOnlyForDeploymentPostprocessing = 0;
		};
		84B9DBFB1E9DC0990066A92D /* Sources */ = {
			isa = PBXSourcesBuildPhase;
			buildActionMask = 2147483647;
			files = (
				84B9DC041E9DC0990066A92D /* haitianTests.m in Sources */,
			);
			runOnlyForDeploymentPostprocessing = 0;
		};
		84B9DC061E9DC0990066A92D /* Sources */ = {
			isa = PBXSourcesBuildPhase;
			buildActionMask = 2147483647;
			files = (
				84B9DC0F1E9DC0990066A92D /* haitianUITests.m in Sources */,
			);
			runOnlyForDeploymentPostprocessing = 0;
		};
/* End PBXSourcesBuildPhase section */

/* Begin PBXTargetDependency section */
		84B9DC011E9DC0990066A92D /* PBXTargetDependency */ = {
			isa = PBXTargetDependency;
			target = 84B9DBE51E9DC0990066A92D /* haitian */;
			targetProxy = 84B9DC001E9DC0990066A92D /* PBXContainerItemProxy */;
		};
		84B9DC0C1E9DC0990066A92D /* PBXTargetDependency */ = {
			isa = PBXTargetDependency;
			target = 84B9DBE51E9DC0990066A92D /* haitian */;
			targetProxy = 84B9DC0B1E9DC0990066A92D /* PBXContainerItemProxy */;
		};
/* End PBXTargetDependency section */

/* Begin PBXVariantGroup section */
		84B9DBF21E9DC0990066A92D /* Main.storyboard */ = {
			isa = PBXVariantGroup;
			children = (
				84B9DBF31E9DC0990066A92D /* Base */,
			);
			name = Main.storyboard;
			sourceTree = "<group>";
		};
		84B9DBF71E9DC0990066A92D /* LaunchScreen.storyboard */ = {
			isa = PBXVariantGroup;
			children = (
				84B9DBF81E9DC0990066A92D /* Base */,
			);
			name = LaunchScreen.storyboard;
			sourceTree = "<group>";
		};
/* End PBXVariantGroup section */

/* Begin XCBuildConfiguration section */
		84B9DC111E9DC0990066A92D /* Debug */ = {
			isa = XCBuildConfiguration;
			buildSettings = {
				ALWAYS_SEARCH_USER_PATHS = NO;
				CLANG_ANALYZER_NONNULL = YES;
				CLANG_ANALYZER_NUMBER_OBJECT_CONVERSION = YES_AGGRESSIVE;
				CLANG_CXX_LANGUAGE_STANDARD = "gnu++0x";
				CLANG_CXX_LIBRARY = "libc++";
				CLANG_ENABLE_MODULES = YES;
				CLANG_ENABLE_OBJC_ARC = YES;
				CLANG_WARN_BOOL_CONVERSION = YES;
				CLANG_WARN_CONSTANT_CONVERSION = YES;
				CLANG_WARN_DIRECT_OBJC_ISA_USAGE = YES_ERROR;
				CLANG_WARN_DOCUMENTATION_COMMENTS = YES;
				CLANG_WARN_EMPTY_BODY = YES;
				CLANG_WARN_ENUM_CONVERSION = YES;
				CLANG_WARN_INFINITE_RECURSION = YES;
				CLANG_WARN_INT_CONVERSION = YES;
				CLANG_WARN_OBJC_ROOT_CLASS = YES_ERROR;
				CLANG_WARN_SUSPICIOUS_MOVE = YES;
				CLANG_WARN_UNREACHABLE_CODE = YES;
				CLANG_WARN__DUPLICATE_METHOD_MATCH = YES;
				"CODE_SIGN_IDENTITY[sdk=iphoneos*]" = "iPhone Developer";
				COPY_PHASE_STRIP = NO;
				DEBUG_INFORMATION_FORMAT = dwarf;
				ENABLE_STRICT_OBJC_MSGSEND = YES;
				ENABLE_TESTABILITY = YES;
				GCC_C_LANGUAGE_STANDARD = gnu99;
				GCC_DYNAMIC_NO_PIC = NO;
				GCC_NO_COMMON_BLOCKS = YES;
				GCC_OPTIMIZATION_LEVEL = 0;
				GCC_PREPROCESSOR_DEFINITIONS = (
					"DEBUG=1",
					"$(inherited)",
				);
				GCC_WARN_64_TO_32_BIT_CONVERSION = YES;
				GCC_WARN_ABOUT_RETURN_TYPE = YES_ERROR;
				GCC_WARN_UNDECLARED_SELECTOR = YES;
				GCC_WARN_UNINITIALIZED_AUTOS = YES_AGGRESSIVE;
				GCC_WARN_UNUSED_FUNCTION = YES;
				GCC_WARN_UNUSED_VARIABLE = YES;
				IPHONEOS_DEPLOYMENT_TARGET = 10.3;
				MTL_ENABLE_DEBUG_INFO = YES;
				ONLY_ACTIVE_ARCH = YES;
				SDKROOT = iphoneos;
				TARGETED_DEVICE_FAMILY = "1,2";
			};
			name = Debug;
		};
		84B9DC121E9DC0990066A92D /* Release */ = {
			isa = XCBuildConfiguration;
			buildSettings = {
				ALWAYS_SEARCH_USER_PATHS = NO;
				CLANG_ANALYZER_NONNULL = YES;
				CLANG_ANALYZER_NUMBER_OBJECT_CONVERSION = YES_AGGRESSIVE;
				CLANG_CXX_LANGUAGE_STANDARD = "gnu++0x";
				CLANG_CXX_LIBRARY = "libc++";
				CLANG_ENABLE_MODULES = YES;
				CLANG_ENABLE_OBJC_ARC = YES;
				CLANG_WARN_BOOL_CONVERSION = YES;
				CLANG_WARN_CONSTANT_CONVERSION = YES;
				CLANG_WARN_DIRECT_OBJC_ISA_USAGE = YES_ERROR;
				CLANG_WARN_DOCUMENTATION_COMMENTS = YES;
				CLANG_WARN_EMPTY_BODY = YES;
				CLANG_WARN_ENUM_CONVERSION = YES;
				CLANG_WARN_INFINITE_RECURSION = YES;
				CLANG_WARN_INT_CONVERSION = YES;
				CLANG_WARN_OBJC_ROOT_CLASS = YES_ERROR;
				CLANG_WARN_SUSPICIOUS_MOVE = YES;
				CLANG_WARN_UNREACHABLE_CODE = YES;
				CLANG_WARN__DUPLICATE_METHOD_MATCH = YES;
				"CODE_SIGN_IDENTITY[sdk=iphoneos*]" = "iPhone Developer";
				COPY_PHASE_STRIP = NO;
				DEBUG_INFORMATION_FORMAT = "dwarf-with-dsym";
				ENABLE_NS_ASSERTIONS = NO;
				ENABLE_STRICT_OBJC_MSGSEND = YES;
				GCC_C_LANGUAGE_STANDARD = gnu99;
				GCC_NO_COMMON_BLOCKS = YES;
				GCC_WARN_64_TO_32_BIT_CONVERSION = YES;
				GCC_WARN_ABOUT_RETURN_TYPE = YES_ERROR;
				GCC_WARN_UNDECLARED_SELECTOR = YES;
				GCC_WARN_UNINITIALIZED_AUTOS = YES_AGGRESSIVE;
				GCC_WARN_UNUSED_FUNCTION = YES;
				GCC_WARN_UNUSED_VARIABLE = YES;
				IPHONEOS_DEPLOYMENT_TARGET = 10.3;
				MTL_ENABLE_DEBUG_INFO = NO;
				SDKROOT = iphoneos;
				TARGETED_DEVICE_FAMILY = "1,2";
				VALIDATE_PRODUCT = YES;
			};
			name = Release;
		};
		84B9DC141E9DC0990066A92D /* Debug */ = {
			isa = XCBuildConfiguration;
			baseConfigurationReference = 4DF801E35F7F19BF0A7FC1A2 /* Pods-haitian.debug.xcconfig */;
			buildSettings = {
				ASSETCATALOG_COMPILER_APPICON_NAME = AppIcon;
				DEVELOPMENT_TEAM = NUH99A3LBD;
				GCC_PREFIX_HEADER = /Users/admin/Desktop/haitian/haitian/Header.h;
				INFOPLIST_FILE = haitian/Info.plist;
				LD_RUNPATH_SEARCH_PATHS = "$(inherited) @executable_path/Frameworks";
				PRODUCT_BUNDLE_IDENTIFIER = Admin.haitian;
				PRODUCT_NAME = "$(TARGET_NAME)";
			};
			name = Debug;
		};
		84B9DC151E9DC0990066A92D /* Release */ = {
			isa = XCBuildConfiguration;
			baseConfigurationReference = F4265450D8E7CFA0ADBFE28C /* Pods-haitian.release.xcconfig */;
			buildSettings = {
				ASSETCATALOG_COMPILER_APPICON_NAME = AppIcon;
				DEVELOPMENT_TEAM = NUH99A3LBD;
				GCC_PREFIX_HEADER = /Users/admin/Desktop/haitian/haitian/Header.h;
				INFOPLIST_FILE = haitian/Info.plist;
				LD_RUNPATH_SEARCH_PATHS = "$(inherited) @executable_path/Frameworks";
				PRODUCT_BUNDLE_IDENTIFIER = Admin.haitian;
				PRODUCT_NAME = "$(TARGET_NAME)";
			};
			name = Release;
		};
		84B9DC171E9DC0990066A92D /* Debug */ = {
			isa = XCBuildConfiguration;
			buildSettings = {
				BUNDLE_LOADER = "$(TEST_HOST)";
				DEVELOPMENT_TEAM = NUH99A3LBD;
				INFOPLIST_FILE = haitianTests/Info.plist;
				LD_RUNPATH_SEARCH_PATHS = "$(inherited) @executable_path/Frameworks @loader_path/Frameworks";
				PRODUCT_BUNDLE_IDENTIFIER = Admin.haitianTests;
				PRODUCT_NAME = "$(TARGET_NAME)";
				TEST_HOST = "$(BUILT_PRODUCTS_DIR)/haitian.app/haitian";
			};
			name = Debug;
		};
		84B9DC181E9DC0990066A92D /* Release */ = {
			isa = XCBuildConfiguration;
			buildSettings = {
				BUNDLE_LOADER = "$(TEST_HOST)";
				DEVELOPMENT_TEAM = NUH99A3LBD;
				INFOPLIST_FILE = haitianTests/Info.plist;
				LD_RUNPATH_SEARCH_PATHS = "$(inherited) @executable_path/Frameworks @loader_path/Frameworks";
				PRODUCT_BUNDLE_IDENTIFIER = Admin.haitianTests;
				PRODUCT_NAME = "$(TARGET_NAME)";
				TEST_HOST = "$(BUILT_PRODUCTS_DIR)/haitian.app/haitian";
			};
			name = Release;
		};
		84B9DC1A1E9DC0990066A92D /* Debug */ = {
			isa = XCBuildConfiguration;
			buildSettings = {
				DEVELOPMENT_TEAM = NUH99A3LBD;
				INFOPLIST_FILE = haitianUITests/Info.plist;
				LD_RUNPATH_SEARCH_PATHS = "$(inherited) @executable_path/Frameworks @loader_path/Frameworks";
				PRODUCT_BUNDLE_IDENTIFIER = Admin.haitianUITests;
				PRODUCT_NAME = "$(TARGET_NAME)";
				TEST_TARGET_NAME = haitian;
			};
			name = Debug;
		};
		84B9DC1B1E9DC0990066A92D /* Release */ = {
			isa = XCBuildConfiguration;
			buildSettings = {
				DEVELOPMENT_TEAM = NUH99A3LBD;
				INFOPLIST_FILE = haitianUITests/Info.plist;
				LD_RUNPATH_SEARCH_PATHS = "$(inherited) @executable_path/Frameworks @loader_path/Frameworks";
				PRODUCT_BUNDLE_IDENTIFIER = Admin.haitianUITests;
				PRODUCT_NAME = "$(TARGET_NAME)";
				TEST_TARGET_NAME = haitian;
			};
			name = Release;
		};
/* End XCBuildConfiguration section */

/* Begin XCConfigurationList section */
		84B9DBE11E9DC0990066A92D /* Build configuration list for PBXProject "haitian" */ = {
			isa = XCConfigurationList;
			buildConfigurations = (
				84B9DC111E9DC0990066A92D /* Debug */,
				84B9DC121E9DC0990066A92D /* Release */,
			);
			defaultConfigurationIsVisible = 0;
			defaultConfigurationName = Release;
		};
		84B9DC131E9DC0990066A92D /* Build configuration list for PBXNativeTarget "haitian" */ = {
			isa = XCConfigurationList;
			buildConfigurations = (
				84B9DC141E9DC0990066A92D /* Debug */,
				84B9DC151E9DC0990066A92D /* Release */,
			);
			defaultConfigurationIsVisible = 0;
			defaultConfigurationName = Release;
		};
		84B9DC161E9DC0990066A92D /* Build configuration list for PBXNativeTarget "haitianTests" */ = {
			isa = XCConfigurationList;
			buildConfigurations = (
				84B9DC171E9DC0990066A92D /* Debug */,
				84B9DC181E9DC0990066A92D /* Release */,
			);
			defaultConfigurationIsVisible = 0;
			defaultConfigurationName = Release;
		};
		84B9DC191E9DC0990066A92D /* Build configuration list for PBXNativeTarget "haitianUITests" */ = {
			isa = XCConfigurationList;
			buildConfigurations = (
				84B9DC1A1E9DC0990066A92D /* Debug */,
				84B9DC1B1E9DC0990066A92D /* Release */,
			);
			defaultConfigurationIsVisible = 0;
			defaultConfigurationName = Release;
		};
/* End XCConfigurationList section */
	};
	rootObject = 84B9DBDE1E9DC0990066A92D /* Project object */;
}
